PODS:
  - Alamofire (4.3.0)
  - Gloss (1.2.0)
  - PKHUD (4.1.0)
  - Result (3.1.0)
  - SugarRecord/CoreData (3.0.0):
    - Result (~> 3.0)

DEPENDENCIES:
  - Alamofire (~> 4.3)
  - Gloss (~> 1.2)
  - PKHUD (~> 4.0)
  - SugarRecord/CoreData (= 3.0)

SPEC CHECKSUMS:
  Alamofire: 856a113053a7bc9cbe5d6367a555d773fc5cfef7
  Gloss: ec49584b2e8144e39810b6db6285433316e0c1c7
  PKHUD: a0ecdee9f67d9b462c0c5e4ba38400292ea6ae6e
  Result: 4e3ed5995ed94d0cd6a09be9a431fce3f3624bbf
  SugarRecord: c17d4a17b257cac4c4355b2790685b1e49b32de3

PODFILE CHECKSUM: 41d8e58e94980127c484d0c7cdf6d33fdc8e1b7b

COCOAPODS: 1.1.1
